
Microsoft Visual Studio Solution File, Format Version 12.00
# Visual Studio 2013
VisualStudioVersion = 12.0.21005.1
MinimumVisualStudioVersion = 10.0.40219.1
Project("{FAE04EC0-301F-11D3-BF4B-00C04F79EFBC}") = "CMS.Model", "CMS.Model\CMS.Model.csproj", "{82AE3EDD-E105-4CEC-9F3F-02C8DE132F32}"
EndProject
Project("{FAE04EC0-301F-11D3-BF4B-00C04F79EFBC}") = "CMS.BLL", "CMS.BLL\CMS.BLL.csproj", "{A988B127-C6D1-4164-BCC4-DB068172A4BE}"
EndProject
Project("{FAE04EC0-301F-11D3-BF4B-00C04F79EFBC}") = "CMS.DAL", "CMS.DAL\CMS.DAL.csproj", "{0CC0C0FB-FBCC-479C-9C15-DA789A5F3914}"
EndProject
Project("{FAE04EC0-301F-11D3-BF4B-00C04F79EFBC}") = "CMS.WebApp", "CMS.WebApp\CMS.WebApp.csproj", "{C34C5469-CE0B-4AFE-9C03-2E13527210D5}"
EndProject
Project("{FAE04EC0-301F-11D3-BF4B-00C04F79EFBC}") = "CMS.Common", "CMS.Common\CMS.Common.csproj", "{7028DE68-76BD-417C-BE5C-206B1247AE6C}"
EndProject
Global
	GlobalSection(SolutionConfigurationPlatforms) = preSolution
		Debug|Any CPU = Debug|Any CPU
		Release|Any CPU = Release|Any CPU
	EndGlobalSection
	GlobalSection(ProjectConfigurationPlatforms) = postSolution
		{82AE3EDD-E105-4CEC-9F3F-02C8DE132F32}.Debug|Any CPU.ActiveCfg = Debug|Any CPU
		{82AE3EDD-E105-4CEC-9F3F-02C8DE132F32}.Debug|Any CPU.Build.0 = Debug|Any CPU
		{82AE3EDD-E105-4CEC-9F3F-02C8DE132F32}.Release|Any CPU.ActiveCfg = Release|Any CPU
		{82AE3EDD-E105-4CEC-9F3F-02C8DE132F32}.Release|Any CPU.Build.0 = Release|Any CPU
		{A988B127-C6D1-4164-BCC4-DB068172A4BE}.Debug|Any CPU.ActiveCfg = Debug|Any CPU
		{A988B127-C6D1-4164-BCC4-DB068172A4BE}.Debug|Any CPU.Build.0 = Debug|Any CPU
		{A988B127-C6D1-4164-BCC4-DB068172A4BE}.Release|Any CPU.ActiveCfg = Release|Any CPU
		{A988B127-C6D1-4164-BCC4-DB068172A4BE}.Release|Any CPU.Build.0 = Release|Any CPU
		{0CC0C0FB-FBCC-479C-9C15-DA789A5F3914}.Debug|Any CPU.ActiveCfg = Debug|Any CPU
		{0CC0C0FB-FBCC-479C-9C15-DA789A5F3914}.Debug|Any CPU.Build.0 = Debug|Any CPU
		{0CC0C0FB-FBCC-479C-9C15-DA789A5F3914}.Release|Any CPU.ActiveCfg = Release|Any CPU
		{0CC0C0FB-FBCC-479C-9C15-DA789A5F3914}.Release|Any CPU.Build.0 = Release|Any CPU
		{C34C5469-CE0B-4AFE-9C03-2E13527210D5}.Debug|Any CPU.ActiveCfg = Debug|Any CPU
		{C34C5469-CE0B-4AFE-9C03-2E13527210D5}.Debug|Any CPU.Build.0 = Debug|Any CPU
		{C34C5469-CE0B-4AFE-9C03-2E13527210D5}.Release|Any CPU.ActiveCfg = Release|Any CPU
		{C34C5469-CE0B-4AFE-9C03-2E13527210D5}.Release|Any CPU.Build.0 = Release|Any CPU
		{7028DE68-76BD-417C-BE5C-206B1247AE6C}.Debug|Any CPU.ActiveCfg = Debug|Any CPU
		{7028DE68-76BD-417C-BE5C-206B1247AE6C}.Debug|Any CPU.Build.0 = Debug|Any CPU
		{7028DE68-76BD-417C-BE5C-206B1247AE6C}.Release|Any CPU.ActiveCfg = Release|Any CPU
		{7028DE68-76BD-417C-BE5C-206B1247AE6C}.Release|Any CPU.Build.0 = Release|Any CPU
	EndGlobalSection
	GlobalSection(SolutionProperties) = preSolution
		HideSolutionNode = FALSE
	EndGlobalSection
EndGlobal
